
Microsoft Visual Studio Solution File, Format Version 12.00
# Visual Studio Version 16
VisualStudioVersion = 16.0.30907.101
MinimumVisualStudioVersion = 10.0.40219.1
Project("{FAE04EC0-301F-11D3-BF4B-00C04F79EFBC}") = "GrandPrixRadioRemote", "GrandPrixRadioRemote\GrandPrixRadioRemote.csproj", "{7169E56F-EBD4-4662-A4A2-AC1C8307F4F4}"
EndProject
Global
	GlobalSection(SolutionConfigurationPlatforms) = preSolution
		Debug|Any CPU = Debug|Any CPU
		Release|Any CPU = Release|Any CPU
	EndGlobalSection
	GlobalSection(ProjectConfigurationPlatforms) = postSolution
		{7169E56F-EBD4-4662-A4A2-AC1C8307F4F4}.Debug|Any CPU.ActiveCfg = Debug|Any CPU
		{7169E56F-EBD4-4662-A4A2-AC1C8307F4F4}.Debug|Any CPU.Build.0 = Debug|Any CPU
		{7169E56F-EBD4-4662-A4A2-AC1C8307F4F4}.Release|Any CPU.ActiveCfg = Release|Any CPU
		{7169E56F-EBD4-4662-A4A2-AC1C8307F4F4}.Release|Any CPU.Build.0 = Release|Any CPU
	EndGlobalSection
	GlobalSection(SolutionProperties) = preSolution
		HideSolutionNode = FALSE
	EndGlobalSection
	GlobalSection(ExtensibilityGlobals) = postSolution
		SolutionGuid = {28B53427-82E2-45FE-9EF2-464AE4F21DD2}
	EndGlobalSection
EndGlobal
